
Microsoft Visual Studio Solution File, Format Version 12.00
# Visual Studio 15
VisualStudioVersion = 15.0.27703.2042
MinimumVisualStudioVersion = 10.0.40219.1
Project("{8BC9CEB8-8B4A-11D0-8D11-00A0C91BC942}") = "Project1", "Project1\Project1.vcxproj", "{AE95D19B-4989-49B8-AF43-6665DE8F6A2D}"
EndProject
Global
	GlobalSection(SolutionConfigurationPlatforms) = preSolution
		Debug|x64 = Debug|x64
		Debug|x86 = Debug|x86
		Release|x64 = Release|x64
		Release|x86 = Release|x86
	EndGlobalSection
	GlobalSection(ProjectConfigurationPlatforms) = postSolution
		{AE95D19B-4989-49B8-AF43-6665DE8F6A2D}.Debug|x64.ActiveCfg = Debug|x64
		{AE95D19B-4989-49B8-AF43-6665DE8F6A2D}.Debug|x64.Build.0 = Debug|x64
		{AE95D19B-4989-49B8-AF43-6665DE8F6A2D}.Debug|x86.ActiveCfg = Debug|Win32
		{AE95D19B-4989-49B8-AF43-6665DE8F6A2D}.Debug|x86.Build.0 = Debug|Win32
		{AE95D19B-4989-49B8-AF43-6665DE8F6A2D}.Release|x64.ActiveCfg = Release|x64
		{AE95D19B-4989-49B8-AF43-6665DE8F6A2D}.Release|x64.Build.0 = Release|x64
		{AE95D19B-4989-49B8-AF43-6665DE8F6A2D}.Release|x86.ActiveCfg = Release|Win32
		{AE95D19B-4989-49B8-AF43-6665DE8F6A2D}.Release|x86.Build.0 = Release|Win32
	EndGlobalSection
	GlobalSection(SolutionProperties) = preSolution
		HideSolutionNode = FALSE
	EndGlobalSection
	GlobalSection(ExtensibilityGlobals) = postSolution
		SolutionGuid = {FD991404-3CF0-474F-A13E-E7438E3B78A6}
	EndGlobalSection
EndGlobal
